
Microsoft Visual Studio Solution File, Format Version 12.00
# Visual Studio Version 17
VisualStudioVersion = 17.13.35617.110 d17.13
MinimumVisualStudioVersion = 10.0.40219.1
Project("{8BC9CEB8-8B4A-11D0-8D11-00A0C91BC942}") = "BigAssignment", "BigAssignment.vcxproj", "{A7E5A303-0274-476C-8E01-1E59330A3E58}"
EndProject
Global
	GlobalSection(SolutionConfigurationPlatforms) = preSolution
		Debug|x64 = Debug|x64
		Debug|x86 = Debug|x86
		Release|x64 = Release|x64
		Release|x86 = Release|x86
	EndGlobalSection
	GlobalSection(ProjectConfigurationPlatforms) = postSolution
		{A7E5A303-0274-476C-8E01-1E59330A3E58}.Debug|x64.ActiveCfg = Debug|x64
		{A7E5A303-0274-476C-8E01-1E59330A3E58}.Debug|x64.Build.0 = Debug|x64
		{A7E5A303-0274-476C-8E01-1E59330A3E58}.Debug|x86.ActiveCfg = Debug|Win32
		{A7E5A303-0274-476C-8E01-1E59330A3E58}.Debug|x86.Build.0 = Debug|Win32
		{A7E5A303-0274-476C-8E01-1E59330A3E58}.Release|x64.ActiveCfg = Release|x64
		{A7E5A303-0274-476C-8E01-1E59330A3E58}.Release|x64.Build.0 = Release|x64
		{A7E5A303-0274-476C-8E01-1E59330A3E58}.Release|x86.ActiveCfg = Release|Win32
		{A7E5A303-0274-476C-8E01-1E59330A3E58}.Release|x86.Build.0 = Release|Win32
	EndGlobalSection
	GlobalSection(SolutionProperties) = preSolution
		HideSolutionNode = FALSE
	EndGlobalSection
	GlobalSection(ExtensibilityGlobals) = postSolution
		SolutionGuid = {8F3DC7FD-EF10-4A02-ADD6-7BCDB1A3C383}
	EndGlobalSection
EndGlobal
